
Microsoft Visual Studio Solution File, Format Version 12.00
# Visual Studio 2015
Project("{FAE04EC0-301F-11D3-BF4B-00C04F79EFBC}") = "SonificationV9_MusicFix.CSharp.Plugins", "SonificationV9_MusicFix.CSharp.Plugins.csproj", "{AF315489-2DC0-63AD-079D-7B024067479A}"
EndProject
Project("{FAE04EC0-301F-11D3-BF4B-00C04F79EFBC}") = "SonificationV9_MusicFix.CSharp", "SonificationV9_MusicFix.CSharp.csproj", "{24A99BBC-626C-E326-FAF7-AAA3410954FA}"
EndProject
Project("{FAE04EC0-301F-11D3-BF4B-00C04F79EFBC}") = "SonificationV9_MusicFix.CSharp.Editor", "SonificationV9_MusicFix.CSharp.Editor.csproj", "{BE7451F3-EFFB-80E4-C329-B66E220BB9C1}"
EndProject
Global
	GlobalSection(SolutionConfigurationPlatforms) = preSolution
		Debug|Any CPU = Debug|Any CPU
		Release|Any CPU = Release|Any CPU
	EndGlobalSection
	GlobalSection(ProjectConfigurationPlatforms) = postSolution
		{AF315489-2DC0-63AD-079D-7B024067479A}.Debug|Any CPU.ActiveCfg = Debug|Any CPU
		{AF315489-2DC0-63AD-079D-7B024067479A}.Debug|Any CPU.Build.0 = Debug|Any CPU
		{AF315489-2DC0-63AD-079D-7B024067479A}.Release|Any CPU.ActiveCfg = Release|Any CPU
		{AF315489-2DC0-63AD-079D-7B024067479A}.Release|Any CPU.Build.0 = Release|Any CPU
		{24A99BBC-626C-E326-FAF7-AAA3410954FA}.Debug|Any CPU.ActiveCfg = Debug|Any CPU
		{24A99BBC-626C-E326-FAF7-AAA3410954FA}.Debug|Any CPU.Build.0 = Debug|Any CPU
		{24A99BBC-626C-E326-FAF7-AAA3410954FA}.Release|Any CPU.ActiveCfg = Release|Any CPU
		{24A99BBC-626C-E326-FAF7-AAA3410954FA}.Release|Any CPU.Build.0 = Release|Any CPU
		{BE7451F3-EFFB-80E4-C329-B66E220BB9C1}.Debug|Any CPU.ActiveCfg = Debug|Any CPU
		{BE7451F3-EFFB-80E4-C329-B66E220BB9C1}.Debug|Any CPU.Build.0 = Debug|Any CPU
		{BE7451F3-EFFB-80E4-C329-B66E220BB9C1}.Release|Any CPU.ActiveCfg = Release|Any CPU
		{BE7451F3-EFFB-80E4-C329-B66E220BB9C1}.Release|Any CPU.Build.0 = Release|Any CPU
	EndGlobalSection
	GlobalSection(SolutionProperties) = preSolution
		HideSolutionNode = FALSE
	EndGlobalSection
EndGlobal
